
Microsoft Visual Studio Solution File, Format Version 12.00
# Visual Studio Version 16
VisualStudioVersion = 16.0.29519.181
MinimumVisualStudioVersion = 10.0.40219.1
Project("{FAE04EC0-301F-11D3-BF4B-00C04F79EFBC}") = "WorldGen", "WorldGen.csproj", "{AC154A88-EFB1-4985-8872-184CDA431F23}"
EndProject
Project("{9A19103F-16F7-4668-BE54-9A1E7A4F7556}") = "VoronoiLib", "VoronoiLib\VoronoiLib.csproj", "{6B5A8521-F903-464D-94C5-F946E52455D6}"
EndProject
Global
	GlobalSection(SolutionConfigurationPlatforms) = preSolution
		Debug|Any CPU = Debug|Any CPU
		Release|Any CPU = Release|Any CPU
	EndGlobalSection
	GlobalSection(ProjectConfigurationPlatforms) = postSolution
		{AC154A88-EFB1-4985-8872-184CDA431F23}.Debug|Any CPU.ActiveCfg = Debug|Any CPU
		{AC154A88-EFB1-4985-8872-184CDA431F23}.Debug|Any CPU.Build.0 = Debug|Any CPU
		{AC154A88-EFB1-4985-8872-184CDA431F23}.Release|Any CPU.ActiveCfg = Release|Any CPU
		{AC154A88-EFB1-4985-8872-184CDA431F23}.Release|Any CPU.Build.0 = Release|Any CPU
		{6B5A8521-F903-464D-94C5-F946E52455D6}.Debug|Any CPU.ActiveCfg = Debug|Any CPU
		{6B5A8521-F903-464D-94C5-F946E52455D6}.Debug|Any CPU.Build.0 = Debug|Any CPU
		{6B5A8521-F903-464D-94C5-F946E52455D6}.Release|Any CPU.ActiveCfg = Release|Any CPU
		{6B5A8521-F903-464D-94C5-F946E52455D6}.Release|Any CPU.Build.0 = Release|Any CPU
	EndGlobalSection
	GlobalSection(SolutionProperties) = preSolution
		HideSolutionNode = FALSE
	EndGlobalSection
	GlobalSection(ExtensibilityGlobals) = postSolution
		SolutionGuid = {089A699C-D5A0-437B-9839-9BCF88DD5E60}
	EndGlobalSection
EndGlobal
